
Microsoft Visual Studio Solution File, Format Version 12.00
# Visual Studio Version 17
VisualStudioVersion = 17.0.31903.59
MinimumVisualStudioVersion = 10.0.40219.1
Project("{FAE04EC0-301F-11D3-BF4B-00C04F79EFBC}") = "NuiMVC", "NuiMVC\NuiMVC.csproj", "{23C902FA-70C6-4A4E-8F2B-A482E5427991}"
EndProject
Project("{FAE04EC0-301F-11D3-BF4B-00C04F79EFBC}") = "EasyConfig", "EasyConfig\EasyConfig.csproj", "{B9023835-DA2F-4B67-950E-038B624E1DF6}"
EndProject
Project("{FAE04EC0-301F-11D3-BF4B-00C04F79EFBC}") = "ServerData", "ServerData\ServerData.csproj", "{65A039BB-07AA-4301-B9F1-8E555BF6A2F0}"
EndProject
Project("{FAE04EC0-301F-11D3-BF4B-00C04F79EFBC}") = "ExtensionsPlugin", "ExtensionsPlugin\ExtensionsPlugin.csproj", "{B852BCA8-E5AF-4C93-A5B6-03CD331137E3}"
EndProject
Project("{FAE04EC0-301F-11D3-BF4B-00C04F79EFBC}") = "MySQLClient", "MySQLClient\MySQLClient.csproj", "{8A3F8196-5202-48A9-BD37-DF4F831BD901}"
EndProject
Project("{FAE04EC0-301F-11D3-BF4B-00C04F79EFBC}") = "CharactersRegistry", "CharactersRegistry\CharactersRegistry.csproj", "{E9B6DD25-9CA6-41E1-8B42-36ADCFF30FFE}"
EndProject
Project("{FAE04EC0-301F-11D3-BF4B-00C04F79EFBC}") = "MovementSystem", "MovementSystem\MovementSystem.csproj", "{3F57D272-726D-4CE1-938B-AEDA640A105D}"
EndProject
Project("{FAE04EC0-301F-11D3-BF4B-00C04F79EFBC}") = "CharacterAppearance", "CharacterAppearance\CharacterAppearance.csproj", "{177F09DA-046F-489C-8096-4D7F9DBEF1C2}"
EndProject
Project("{FAE04EC0-301F-11D3-BF4B-00C04F79EFBC}") = "CharacterIdentity", "CharacterIdentity\CharacterIdentity.csproj", "{83E5C3B7-97CC-451A-BA47-FF9013D3DF0F}"
EndProject
Project("{FAE04EC0-301F-11D3-BF4B-00C04F79EFBC}") = "QuestSystem", "QuestSystem\QuestSystem.csproj", "{B109F4AC-3316-4035-9E24-7D240F9EFD3E}"
EndProject
Project("{FAE04EC0-301F-11D3-BF4B-00C04F79EFBC}") = "QuestSystem.Tests", "QuestSystem.Tests\QuestSystem.Tests.csproj", "{761D3459-D49B-420A-A235-98E14217A346}"
EndProject
Global
	GlobalSection(SolutionConfigurationPlatforms) = preSolution
		Debug|Any CPU = Debug|Any CPU
	EndGlobalSection
	GlobalSection(SolutionProperties) = preSolution
		HideSolutionNode = FALSE
	EndGlobalSection
	GlobalSection(ProjectConfigurationPlatforms) = postSolution
		{23C902FA-70C6-4A4E-8F2B-A482E5427991}.Debug|Any CPU.ActiveCfg = Debug|Any CPU
		{23C902FA-70C6-4A4E-8F2B-A482E5427991}.Debug|Any CPU.Build.0 = Debug|Any CPU
		{B9023835-DA2F-4B67-950E-038B624E1DF6}.Debug|Any CPU.ActiveCfg = Debug|Any CPU
		{B9023835-DA2F-4B67-950E-038B624E1DF6}.Debug|Any CPU.Build.0 = Debug|Any CPU
		{65A039BB-07AA-4301-B9F1-8E555BF6A2F0}.Debug|Any CPU.ActiveCfg = Debug|Any CPU
		{65A039BB-07AA-4301-B9F1-8E555BF6A2F0}.Debug|Any CPU.Build.0 = Debug|Any CPU
		{B852BCA8-E5AF-4C93-A5B6-03CD331137E3}.Debug|Any CPU.ActiveCfg = Debug|Any CPU
		{B852BCA8-E5AF-4C93-A5B6-03CD331137E3}.Debug|Any CPU.Build.0 = Debug|Any CPU
		{8A3F8196-5202-48A9-BD37-DF4F831BD901}.Debug|Any CPU.ActiveCfg = Debug|Any CPU
		{8A3F8196-5202-48A9-BD37-DF4F831BD901}.Debug|Any CPU.Build.0 = Debug|Any CPU
		{E9B6DD25-9CA6-41E1-8B42-36ADCFF30FFE}.Debug|Any CPU.ActiveCfg = Debug|Any CPU
		{E9B6DD25-9CA6-41E1-8B42-36ADCFF30FFE}.Debug|Any CPU.Build.0 = Debug|Any CPU
		{3F57D272-726D-4CE1-938B-AEDA640A105D}.Debug|Any CPU.ActiveCfg = Debug|Any CPU
		{3F57D272-726D-4CE1-938B-AEDA640A105D}.Debug|Any CPU.Build.0 = Debug|Any CPU
		{177F09DA-046F-489C-8096-4D7F9DBEF1C2}.Debug|Any CPU.ActiveCfg = Debug|Any CPU
		{177F09DA-046F-489C-8096-4D7F9DBEF1C2}.Debug|Any CPU.Build.0 = Debug|Any CPU
		{83E5C3B7-97CC-451A-BA47-FF9013D3DF0F}.Debug|Any CPU.ActiveCfg = Debug|Any CPU
		{83E5C3B7-97CC-451A-BA47-FF9013D3DF0F}.Debug|Any CPU.Build.0 = Debug|Any CPU
		{B109F4AC-3316-4035-9E24-7D240F9EFD3E}.Debug|Any CPU.ActiveCfg = Debug|Any CPU
		{B109F4AC-3316-4035-9E24-7D240F9EFD3E}.Debug|Any CPU.Build.0 = Debug|Any CPU
		{761D3459-D49B-420A-A235-98E14217A346}.Debug|Any CPU.ActiveCfg = Debug|Any CPU
		{761D3459-D49B-420A-A235-98E14217A346}.Debug|Any CPU.Build.0 = Debug|Any CPU
	EndGlobalSection
EndGlobal
